{
  "name": "node-cjs",
  "version": "1.0.0",
  "lockfileVersion": 1,
  "requires": true,
  "dependencies": {
    "my-ts-mathlib": {
      "version": "1.0.0",
      "resolved": "https://registry.npmjs.org/my-ts-mathlib/-/my-ts-mathlib-1.0.0.tgz",
      "integrity": "sha512-Uq+fR4IU4UrYqSypdl9OCGKSYrVaSzoxP9vfkk8iNjAL3nUQp5xd1IxD/xv0Q5e/ET793HZy0IieV06sdSel5g=="
    }
  }
}
